dependencies:
  espressif/esp_ot_cli_extension:
    component_hash: d200aec3ece6b69eceeb007244244ed664987f9150cedaaf982a3c943f823fab
    dependencies:
    - name: espressif/iperf
      registry_url: https://components.espressif.com
      require: private
      version: ^0.1.0
    - name: idf
      require: private
      version: '>=5.0'
    source:
      registry_url: https://components.espressif.com/
      type: service
    version: 1.2.6
  espressif/iperf:
    component_hash: f4c2beaae50478a626995130d2611c628b7a568cd0799022758c05658928410c
    dependencies:
    - name: idf
      require: private
      version: '>=4.3'
    source:
      registry_url: https://components.espressif.com
      type: service
    version: 0.1.4
  espressif/led_strip:
    component_hash: 28c6509a727ef74925b372ed404772aeedf11cce10b78c3f69b3c66799095e2d
    dependencies:
    - name: idf
      require: private
      version: '>=4.4'
    source:
      registry_url: https://components.espressif.com/
      type: service
    version: 2.5.5
  espressif/mdns:
    component_hash: 29e47564b1a7ee778135e17fbbf2a2773f71c97ebabfe626c8eda7c958a7ad16
    dependencies:
    - name: idf
      require: private
      version: '>=5.0'
    source:
      registry_url: https://components.espressif.com/
      type: service
    version: 1.9.1
  idf:
    source:
      type: idf
    version: 5.4.0
  ot_led:
    dependencies:
    - name: espressif/led_strip
      version: ^2.4.1
    source:
      path: J:\Advance_Code\thread_test\esp-idf\v5.4\esp-idf\examples\openthread\ot_common_components\ot_led
      type: local
    version: '*'
  protocol_examples_common:
    dependencies: []
    source:
      path: J:\Advance_Code\thread_test\esp-idf\v5.4\esp-idf\examples\common_components\protocol_examples_common
      type: local
    version: '*'
direct_dependencies:
- espressif/esp_ot_cli_extension
- espressif/mdns
- idf
- ot_led
- protocol_examples_common
manifest_hash: 52649e6b71ef6dd0ad67201fcf13eb3f3430deaaf2d237d0f6933f68c9582500
target: esp32s3
version: 2.0.0
